
Microsoft Visual Studio Solution File, Format Version 12.00
# Visual Studio Version 17
VisualStudioVersion = 17.4.33205.214
MinimumVisualStudioVersion = 10.0.40219.1
Project("{9A19103F-16F7-4668-BE54-9A1E7A4F7556}") = "MVC", "MVC\MVC.csproj", "{70DD720A-476C-411A-AA66-BD1976D946FC}"
EndProject
Project("{FAE04EC0-301F-11D3-BF4B-00C04F79EFBC}") = "BusinessLayer", "BusinessLayer\BusinessLayer.csproj", "{5744F78B-E461-4E1D-A89B-3EE559D56577}"
EndProject
Project("{FAE04EC0-301F-11D3-BF4B-00C04F79EFBC}") = "DatabaseLayer", "DatabaseLayer\DatabaseLayer.csproj", "{86BBE8A6-739A-480D-AC8E-116887BFF964}"
EndProject
Project("{9A19103F-16F7-4668-BE54-9A1E7A4F7556}") = "MVC_MS_UnitTest", "MVC_MS_UnitTest\MVC_MS_UnitTest.csproj", "{F98B6D15-2521-47FA-9342-F1C1F36126FC}"
EndProject
Global
	GlobalSection(SolutionConfigurationPlatforms) = preSolution
		Debug|Any CPU = Debug|Any CPU
		Release|Any CPU = Release|Any CPU
	EndGlobalSection
	GlobalSection(ProjectConfigurationPlatforms) = postSolution
		{70DD720A-476C-411A-AA66-BD1976D946FC}.Debug|Any CPU.ActiveCfg = Debug|Any CPU
		{70DD720A-476C-411A-AA66-BD1976D946FC}.Debug|Any CPU.Build.0 = Debug|Any CPU
		{70DD720A-476C-411A-AA66-BD1976D946FC}.Release|Any CPU.ActiveCfg = Release|Any CPU
		{70DD720A-476C-411A-AA66-BD1976D946FC}.Release|Any CPU.Build.0 = Release|Any CPU
		{5744F78B-E461-4E1D-A89B-3EE559D56577}.Debug|Any CPU.ActiveCfg = Debug|Any CPU
		{5744F78B-E461-4E1D-A89B-3EE559D56577}.Debug|Any CPU.Build.0 = Debug|Any CPU
		{5744F78B-E461-4E1D-A89B-3EE559D56577}.Release|Any CPU.ActiveCfg = Release|Any CPU
		{5744F78B-E461-4E1D-A89B-3EE559D56577}.Release|Any CPU.Build.0 = Release|Any CPU
		{86BBE8A6-739A-480D-AC8E-116887BFF964}.Debug|Any CPU.ActiveCfg = Debug|Any CPU
		{86BBE8A6-739A-480D-AC8E-116887BFF964}.Debug|Any CPU.Build.0 = Debug|Any CPU
		{86BBE8A6-739A-480D-AC8E-116887BFF964}.Release|Any CPU.ActiveCfg = Release|Any CPU
		{86BBE8A6-739A-480D-AC8E-116887BFF964}.Release|Any CPU.Build.0 = Release|Any CPU
		{F98B6D15-2521-47FA-9342-F1C1F36126FC}.Debug|Any CPU.ActiveCfg = Debug|Any CPU
		{F98B6D15-2521-47FA-9342-F1C1F36126FC}.Debug|Any CPU.Build.0 = Debug|Any CPU
		{F98B6D15-2521-47FA-9342-F1C1F36126FC}.Release|Any CPU.ActiveCfg = Release|Any CPU
		{F98B6D15-2521-47FA-9342-F1C1F36126FC}.Release|Any CPU.Build.0 = Release|Any CPU
	EndGlobalSection
	GlobalSection(SolutionProperties) = preSolution
		HideSolutionNode = FALSE
	EndGlobalSection
	GlobalSection(ExtensibilityGlobals) = postSolution
		SolutionGuid = {BCB442B3-FD3F-41CC-9ADA-CCC24D6B33EE}
	EndGlobalSection
EndGlobal
